GEM
  remote: https://rubygems.org/
  specs:
    activesupport (4.2.10)
      i18n (~> 0.7)
      minitest (~> 5.1)
      thread_safe (~> 0.3, >= 0.3.4)
      tzinfo (~> 1.1)
    addressable (2.5.2)
      public_suffix (>= 2.0.2, < 4.0)
    artifactory (2.8.2)
    aws-sdk (2.10.84)
      aws-sdk-resources (= 2.10.84)
    aws-sdk-core (2.10.84)
      aws-sigv4 (~> 1.0)
      jmespath (~> 1.0)
    aws-sdk-resources (2.10.84)
      aws-sdk-core (= 2.10.84)
    aws-sigv4 (1.0.2)
    aws_config (0.1.0)
    awsecrets (1.14.0)
      aws-sdk (>= 2, < 4)
      aws_config (~> 0.1.0)
    awspec (0.88.2)
      activesupport (~> 4.0)
      aws-sdk (>= 2.2, < 2.11)
      awsecrets (~> 1.14)
      ipaddress
      rspec (~> 3.0)
      rspec-its
      term-ansicolor
      thor
    builder (3.2.3)
    coderay (1.1.2)
    concurrent-ruby (1.0.5)
    deep_merge (1.1.1)
    diff-lcs (1.3)
    docker-api (1.34.0)
      excon (>= 0.47.0)
      multi_json
    dry-configurable (0.7.0)
      concurrent-ruby (~> 1.0)
    dry-container (0.6.0)
      concurrent-ruby (~> 1.0)
      dry-configurable (~> 0.1, >= 0.1.3)
    dry-core (0.4.1)
      concurrent-ruby (~> 1.0)
    dry-equalizer (0.2.0)
    dry-logic (0.4.2)
      dry-container (~> 0.2, >= 0.2.6)
      dry-core (~> 0.2)
      dry-equalizer (~> 0.2)
    dry-monads (0.4.0)
      dry-core (~> 0.3, >= 0.3.3)
      dry-equalizer
    dry-types (0.12.2)
      concurrent-ruby (~> 1.0)
      dry-configurable (~> 0.1)
      dry-container (~> 0.3)
      dry-core (~> 0.2, >= 0.2.1)
      dry-equalizer (~> 0.2)
      dry-logic (~> 0.4, >= 0.4.2)
      inflecto (~> 0.0.0, >= 0.0.2)
    dry-validation (0.11.1)
      concurrent-ruby (~> 1.0)
      dry-configurable (~> 0.1, >= 0.1.3)
      dry-core (~> 0.2, >= 0.2.1)
      dry-equalizer (~> 0.2)
      dry-logic (~> 0.4, >= 0.4.0)
      dry-types (~> 0.12.0)
    erubis (2.7.0)
    excon (0.59.0)
    faraday (0.13.1)
      multipart-post (>= 1.2, < 3)
    ffi (1.9.18)
    gssapi (1.2.0)
      ffi (>= 1.0.1)
    gyoku (1.3.1)
      builder (>= 2.1.2)
    hashie (3.5.6)
    htmlentities (4.3.4)
    httpclient (2.8.3)
    i18n (0.9.1)
      concurrent-ruby (~> 1.0)
    inflecto (0.0.2)
    inspec (1.44.8)
      addressable (~> 2.4)
      faraday (>= 0.9.0)
      hashie (~> 3.4)
      htmlentities
      json (>= 1.8, < 3.0)
      method_source (~> 0.8)
      mixlib-log
      parallel (~> 1.9)
      parslet (~> 1.5)
      pry (~> 0)
      rainbow (~> 2)
      rspec (~> 3)
      rspec-its (~> 1.2)
      rubyzip (~> 1.1)
      semverse
      sslshake (~> 1.2)
      thor (~> 0.19)
      tomlrb (~> 1.2)
      train (~> 0.28)
    ipaddress (0.8.3)
    jmespath (1.3.1)
    json (2.1.0)
    kitchen-inspec (0.20.0)
      hashie (~> 3.4)
      inspec (>= 0.34.0, < 2.0.0)
      test-kitchen (~> 1.6)
    kitchen-terraform (2.1.0)
      dry-monads (~> 0.3)
      dry-types (~> 0.9)
      dry-validation (~> 0.10)
      kitchen-inspec (~> 0.18)
      mixlib-shellout (~> 2.2)
      test-kitchen (~> 1.16.0)
    kitchen-verifier-awspec (0.1.1)
      net-ssh (>= 3)
      test-kitchen (~> 1.4)
    little-plugger (1.1.4)
    logging (2.2.2)
      little-plugger (~> 1.1)
      multi_json (~> 1.10)
    method_source (0.9.0)
    minitest (5.10.3)
    mixlib-install (2.1.12)
      artifactory
      mixlib-shellout
      mixlib-versioning
      thor
    mixlib-log (1.7.1)
    mixlib-shellout (2.3.2)
    mixlib-versioning (1.2.2)
    multi_json (1.12.2)
    multipart-post (2.0.0)
    net-scp (1.2.1)
      net-ssh (>= 2.6.5)
    net-ssh (4.2.0)
    net-ssh-gateway (1.3.0)
      net-ssh (>= 2.6.5)
    nori (2.6.0)
    parallel (1.12.0)
    parslet (1.8.0)
    pry (0.11.3)
      coderay (~> 1.1.0)
      method_source (~> 0.9.0)
    public_suffix (3.0.1)
    rainbow (2.2.2)
      rake
    rake (12.3.0)
    rhcl (0.1.0)
      deep_merge
    rspec (3.7.0)
      rspec-core (~> 3.7.0)
      rspec-expectations (~> 3.7.0)
      rspec-mocks (~> 3.7.0)
    rspec-core (3.7.0)
      rspec-support (~> 3.7.0)
    rspec-expectations (3.7.0)
      diff-lcs (>= 1.2.0, < 2.0)
      rspec-support (~> 3.7.0)
    rspec-its (1.2.0)
      rspec-core (>= 3.0.0)
      rspec-expectations (>= 3.0.0)
    rspec-mocks (3.7.0)
      diff-lcs (>= 1.2.0, < 2.0)
      rspec-support (~> 3.7.0)
    rspec-support (3.7.0)
    rubyntlm (0.6.2)
    rubyzip (1.2.1)
    safe_yaml (1.0.4)
    semverse (2.0.0)
    sslshake (1.2.0)
    term-ansicolor (1.6.0)
      tins (~> 1.0)
    test-kitchen (1.16.0)
      mixlib-install (>= 1.2, < 3.0)
      mixlib-shellout (>= 1.2, < 3.0)
      net-scp (~> 1.1)
      net-ssh (>= 2.9, < 5.0)
      net-ssh-gateway (~> 1.2)
      safe_yaml (~> 1.0)
      thor (~> 0.19, < 0.19.2)
    thor (0.19.1)
    thread_safe (0.3.6)
    tins (1.15.1)
    tomlrb (1.2.6)
    train (0.29.1)
      docker-api (~> 1.26)
      json (>= 1.8, < 3.0)
      mixlib-shellout (~> 2.0)
      net-scp (~> 1.2)
      net-ssh (>= 2.9, < 5.0)
      winrm (~> 2.0)
      winrm-fs (~> 1.0)
    tzinfo (1.2.4)
      thread_safe (~> 0.1)
    winrm (2.2.3)
      builder (>= 2.1.2)
      erubis (~> 2.7)
      gssapi (~> 1.2)
      gyoku (~> 1.0)
      httpclient (~> 2.2, >= 2.2.0.2)
      logging (>= 1.6.1, < 3.0)
      nori (~> 2.0)
      rubyntlm (~> 0.6.0, >= 0.6.1)
    winrm-fs (1.1.0)
      erubis (~> 2.7)
      logging (>= 1.6.1, < 3.0)
      rubyzip (~> 1.1)
      winrm (~> 2.0)

PLATFORMS
  ruby

DEPENDENCIES
  awspec!
  kitchen-terraform (~> 2.0)!
  kitchen-verifier-awspec!
  rhcl!
  test-kitchen!

RUBY VERSION
   ruby 2.4.2p198

BUNDLED WITH
   1.16.0
